
Microsoft Visual Studio Solution File, Format Version 12.00
# Visual Studio Version 17
VisualStudioVersion = 17.8.34330.188
MinimumVisualStudioVersion = 10.0.40219.1
Project("{8BC9CEB8-8B4A-11D0-8D11-00A0C91BC942}") = "Project1", "Project1\Project1.vcxproj", "{EBB4ABA1-84C8-46BA-8FA6-7248CA1089F8}"
EndProject
Global
	GlobalSection(SolutionConfigurationPlatforms) = preSolution
		Debug|x64 = Debug|x64
		Debug|x86 = Debug|x86
		Release|x64 = Release|x64
		Release|x86 = Release|x86
	EndGlobalSection
	GlobalSection(ProjectConfigurationPlatforms) = postSolution
		{EBB4ABA1-84C8-46BA-8FA6-7248CA1089F8}.Debug|x64.ActiveCfg = Debug|x64
		{EBB4ABA1-84C8-46BA-8FA6-7248CA1089F8}.Debug|x64.Build.0 = Debug|x64
		{EBB4ABA1-84C8-46BA-8FA6-7248CA1089F8}.Debug|x86.ActiveCfg = Debug|Win32
		{EBB4ABA1-84C8-46BA-8FA6-7248CA1089F8}.Debug|x86.Build.0 = Debug|Win32
		{EBB4ABA1-84C8-46BA-8FA6-7248CA1089F8}.Release|x64.ActiveCfg = Release|x64
		{EBB4ABA1-84C8-46BA-8FA6-7248CA1089F8}.Release|x64.Build.0 = Release|x64
		{EBB4ABA1-84C8-46BA-8FA6-7248CA1089F8}.Release|x86.ActiveCfg = Release|Win32
		{EBB4ABA1-84C8-46BA-8FA6-7248CA1089F8}.Release|x86.Build.0 = Release|Win32
	EndGlobalSection
	GlobalSection(SolutionProperties) = preSolution
		HideSolutionNode = FALSE
	EndGlobalSection
	GlobalSection(ExtensibilityGlobals) = postSolution
		SolutionGuid = {351B03AC-E57B-4F14-B46B-F2DA21672FD8}
	EndGlobalSection
EndGlobal
