
Microsoft Visual Studio Solution File, Format Version 12.00
# Visual Studio Version 17
VisualStudioVersion = 17.9.34728.123
MinimumVisualStudioVersion = 10.0.40219.1
Project("{FAE04EC0-301F-11D3-BF4B-00C04F79EFBC}") = "FirstWinFrom", "FirstWinFrom\FirstWinFrom.csproj", "{6DF31508-4716-48A2-A1F6-703FF9C345EA}"
EndProject
Global
	GlobalSection(SolutionConfigurationPlatforms) = preSolution
		Debug|Any CPU = Debug|Any CPU
		Release|Any CPU = Release|Any CPU
	EndGlobalSection
	GlobalSection(ProjectConfigurationPlatforms) = postSolution
		{6DF31508-4716-48A2-A1F6-703FF9C345EA}.Debug|Any CPU.ActiveCfg = Debug|Any CPU
		{6DF31508-4716-48A2-A1F6-703FF9C345EA}.Debug|Any CPU.Build.0 = Debug|Any CPU
		{6DF31508-4716-48A2-A1F6-703FF9C345EA}.Release|Any CPU.ActiveCfg = Release|Any CPU
		{6DF31508-4716-48A2-A1F6-703FF9C345EA}.Release|Any CPU.Build.0 = Release|Any CPU
	EndGlobalSection
	GlobalSection(SolutionProperties) = preSolution
		HideSolutionNode = FALSE
	EndGlobalSection
	GlobalSection(ExtensibilityGlobals) = postSolution
		SolutionGuid = {614DFD61-91AA-40FC-8678-598A3B55D4A2}
	EndGlobalSection
EndGlobal
