# -------------------------------------------------------------------------- #
# LED阵列汉字显示实验 (exp12)
# Quartus II 引脚约束文件
# 班级：23计科1班  姓名：高康嘉
# -------------------------------------------------------------------------- #

# 器件配置
set_global_assignment -name FAMILY "Cyclone III"
set_global_assignment -name DEVICE EP3C16Q240C8
set_global_assignment -name TOP_LEVEL_ENTITY led_matrix

# 项目设置
set_global_assignment -name PROJECT_OUTPUT_DIRECTORY output_files
set_global_assignment -name ORIGINAL_QUARTUS_VERSION 13.1
set_global_assignment -name LAST_QUARTUS_VERSION 13.1

# 温度与IO标准
set_global_assignment -name MIN_CORE_JUNCTION_TEMP 0
set_global_assignment -name MAX_CORE_JUNCTION_TEMP 85
set_global_assignment -name STRATIX_DEVICE_IO_STANDARD "3.3-V LVCMOS"

# 配置管脚设置
set_global_assignment -name ENABLE_CONFIGURATION_PINS OFF
set_global_assignment -name ENABLE_NCE_PIN OFF
set_global_assignment -name ENABLE_BOOT_SEL_PIN OFF
set_global_assignment -name CYCLONEIII_CONFIGURATION_SCHEME "PASSIVE SERIAL"
set_global_assignment -name USE_CONFIGURATION_DEVICE OFF
set_global_assignment -name CRC_ERROR_OPEN_DRAIN OFF
set_global_assignment -name RESERVE_ALL_UNUSED_PINS_WEAK_PULLUP "AS INPUT TRI-STATED"
set_global_assignment -name OUTPUT_IO_TIMING_NEAR_END_VMEAS "HALF VCCIO" -rise
set_global_assignment -name OUTPUT_IO_TIMING_NEAR_END_VMEAS "HALF VCCIO" -fall
set_global_assignment -name OUTPUT_IO_TIMING_FAR_END_VMEAS "HALF SIGNAL SWING" -rise
set_global_assignment -name OUTPUT_IO_TIMING_FAR_END_VMEAS "HALF SIGNAL SWING" -fall
set_global_assignment -name CYCLONEII_RESERVE_NCEO_AFTER_CONFIGURATION "USE AS REGULAR IO"

# 源文件
set_global_assignment -name VHDL_FILE led_matrix.vhd

# 仿真设置
set_global_assignment -name EDA_SIMULATION_TOOL "ModelSim-Altera (VHDL)"
set_global_assignment -name EDA_OUTPUT_DATA_FORMAT VHDL -section_id eda_simulation

# -------------------------------------------------------------------------- #
# 引脚约束
# -------------------------------------------------------------------------- #

# 时钟信号 - 连续时钟 24MHz
set_location_assignment PIN_210 -to clk

# 复位信号 - 高电平有效
set_location_assignment PIN_151 -to reset

# -------------------------------------------------------------------------- #
# 波动开关 (KD1-KD4) - 滚动方向控制，高电平有效
# KD1=左, KD2=右, KD3=上, KD4=下
# -------------------------------------------------------------------------- #
set_location_assignment PIN_37 -to KD[1]
set_location_assignment PIN_38 -to KD[2]
set_location_assignment PIN_41 -to KD[3]
set_location_assignment PIN_43 -to KD[4]

# -------------------------------------------------------------------------- #
# LED阵列行选 (r1-r16)，低电平有效
# 引脚顺序：142,137,135,134,132,131,128,127,126,120,119,118,117,113,112,111
# -------------------------------------------------------------------------- #
set_location_assignment PIN_142 -to row[0]
set_location_assignment PIN_137 -to row[1]
set_location_assignment PIN_135 -to row[2]
set_location_assignment PIN_134 -to row[3]
set_location_assignment PIN_132 -to row[4]
set_location_assignment PIN_131 -to row[5]
set_location_assignment PIN_128 -to row[6]
set_location_assignment PIN_127 -to row[7]
set_location_assignment PIN_126 -to row[8]
set_location_assignment PIN_120 -to row[9]
set_location_assignment PIN_119 -to row[10]
set_location_assignment PIN_118 -to row[11]
set_location_assignment PIN_117 -to row[12]
set_location_assignment PIN_113 -to row[13]
set_location_assignment PIN_112 -to row[14]
set_location_assignment PIN_111 -to row[15]

# -------------------------------------------------------------------------- #
# LED阵列列选 (c1-c16)，低电平有效
# 引脚顺序：110,109,108,106,103,102,101,100,99,98,95,94,93,88,87,86
# -------------------------------------------------------------------------- #
set_location_assignment PIN_110 -to col[0]
set_location_assignment PIN_109 -to col[1]
set_location_assignment PIN_108 -to col[2]
set_location_assignment PIN_106 -to col[3]
set_location_assignment PIN_103 -to col[4]
set_location_assignment PIN_102 -to col[5]
set_location_assignment PIN_101 -to col[6]
set_location_assignment PIN_100 -to col[7]
set_location_assignment PIN_99 -to col[8]
set_location_assignment PIN_98 -to col[9]
set_location_assignment PIN_95 -to col[10]
set_location_assignment PIN_94 -to col[11]
set_location_assignment PIN_93 -to col[12]
set_location_assignment PIN_88 -to col[13]
set_location_assignment PIN_87 -to col[14]
set_location_assignment PIN_86 -to col[15]

set_global_assignment -name PARTITION_NETLIST_TYPE SOURCE -section_id Top
set_global_assignment -name PARTITION_FITTER_PRESERVATION_LEVEL PLACEMENT_AND_ROUTING -section_id Top
set_global_assignment -name PARTITION_COLOR 16764057 -section_id Top
set_global_assignment -name DEVICE_FILTER_PACKAGE PQFP
set_instance_assignment -name PARTITION_HIERARCHY root_partition -to | -section_id Top